
Microsoft Visual Studio Solution File, Format Version 12.00
# Visual Studio Version 17
VisualStudioVersion = 17.5.002.0
MinimumVisualStudioVersion = 10.0.40219.1
Project("{9A19103F-16F7-4668-BE54-9A1E7A4F7556}") = "StealerFind", "StealerFind.csproj", "{430FB770-0273-48CB-9E54-8F87962D78B0}"
EndProject
Global
	GlobalSection(SolutionConfigurationPlatforms) = preSolution
		Debug|Any CPU = Debug|Any CPU
		Release|Any CPU = Release|Any CPU
	EndGlobalSection
	GlobalSection(ProjectConfigurationPlatforms) = postSolution
		{430FB770-0273-48CB-9E54-8F87962D78B0}.Debug|Any CPU.ActiveCfg = Debug|Any CPU
		{430FB770-0273-48CB-9E54-8F87962D78B0}.Debug|Any CPU.Build.0 = Debug|Any CPU
		{430FB770-0273-48CB-9E54-8F87962D78B0}.Release|Any CPU.ActiveCfg = Release|Any CPU
		{430FB770-0273-48CB-9E54-8F87962D78B0}.Release|Any CPU.Build.0 = Release|Any CPU
	EndGlobalSection
	GlobalSection(SolutionProperties) = preSolution
		HideSolutionNode = FALSE
	EndGlobalSection
	GlobalSection(ExtensibilityGlobals) = postSolution
		SolutionGuid = {AEDD40F3-F6AC-4863-8337-89214BFC4EA2}
	EndGlobalSection
EndGlobal
